
Microsoft Visual Studio Solution File, Format Version 12.00
# Visual Studio Version 17
VisualStudioVersion = 17.6.33801.468
MinimumVisualStudioVersion = 10.0.40219.1
Project("{2150E333-8FDC-42A3-9474-1A3956D46DE8}") = "Source Code", "Source Code", "{BAB086EE-BC55-4DBE-BA52-E7046B7C5D30}"
EndProject
Project("{2150E333-8FDC-42A3-9474-1A3956D46DE8}") = "Homework", "Homework", "{4AD65E1E-6EF7-4064-843F-82E42FDB3A93}"
EndProject
Project("{2150E333-8FDC-42A3-9474-1A3956D46DE8}") = "01", "01", "{96C8A508-8E42-404D-89C6-1B763E30837D}"
EndProject
Project("{2150E333-8FDC-42A3-9474-1A3956D46DE8}") = "02", "02", "{503A287B-1323-445B-A9BA-8B5576543E36}"
EndProject
Project("{2150E333-8FDC-42A3-9474-1A3956D46DE8}") = "03", "03", "{E075BED9-24E3-4EC2-8E51-F234461C442B}"
EndProject
Project("{2150E333-8FDC-42A3-9474-1A3956D46DE8}") = "04", "04", "{E0D2850C-2A19-4567-9E3A-B5DC00D5DA17}"
EndProject
Project("{2150E333-8FDC-42A3-9474-1A3956D46DE8}") = "05", "05", "{3DFA4A69-0DA5-4E10-9CEF-76234561A757}"
EndProject
Project("{2150E333-8FDC-42A3-9474-1A3956D46DE8}") = "06", "06", "{AC7DAF64-6641-4BBD-8669-1C408C9E0B68}"
EndProject
Project("{2150E333-8FDC-42A3-9474-1A3956D46DE8}") = "07", "07", "{5473E5F8-26B3-4576-8DF1-FC6C7E700CBD}"
EndProject
Project("{2150E333-8FDC-42A3-9474-1A3956D46DE8}") = "08", "08", "{439BC49E-3F15-48DA-8719-D0295651685C}"
EndProject
Project("{2150E333-8FDC-42A3-9474-1A3956D46DE8}") = "09", "09", "{52F98354-6864-45C7-9BD3-2CC3DB4FF80C}"
EndProject
Project("{2150E333-8FDC-42A3-9474-1A3956D46DE8}") = "10", "10", "{608CDF2A-BCA4-44D3-AE33-263A82BB5929}"
EndProject
Project("{2150E333-8FDC-42A3-9474-1A3956D46DE8}") = "01", "01", "{F8ED757E-783A-4E40-9014-75AED0E7C82F}"
EndProject
Project("{2150E333-8FDC-42A3-9474-1A3956D46DE8}") = "02", "02", "{D6C3E5C1-CF27-4FB5-BEB3-16A18C39EFB5}"
EndProject
Project("{2150E333-8FDC-42A3-9474-1A3956D46DE8}") = "03", "03", "{14BB3BC3-7325-4CF2-B00C-26E695A75C1A}"
EndProject
Project("{2150E333-8FDC-42A3-9474-1A3956D46DE8}") = "04", "04", "{08726D18-970F-48FC-ADD6-C94DCB8A770A}"
EndProject
Project("{2150E333-8FDC-42A3-9474-1A3956D46DE8}") = "05", "05", "{15027A5E-C200-4206-BB32-CD08051C4E0A}"
EndProject
Project("{2150E333-8FDC-42A3-9474-1A3956D46DE8}") = "06", "06", "{568C882B-BEDC-4D5A-8891-0E9867CCD477}"
EndProject
Project("{2150E333-8FDC-42A3-9474-1A3956D46DE8}") = "07", "07", "{457B3F75-0742-4A9D-AB76-927972B1E596}"
EndProject
Project("{2150E333-8FDC-42A3-9474-1A3956D46DE8}") = "08", "08", "{9B666FC4-1720-4241-8B4C-CB9F15EE1BAB}"
EndProject
Project("{2150E333-8FDC-42A3-9474-1A3956D46DE8}") = "09", "09", "{B1A0452E-7E77-4D29-8AA4-41D6D01604C1}"
EndProject
Project("{2150E333-8FDC-42A3-9474-1A3956D46DE8}") = "10", "10", "{71DB775F-65AD-4F47-80F9-C63E222A6A91}"
EndProject
Project("{8BC9CEB8-8B4A-11D0-8D11-00A0C91BC942}") = "Frame", "Frame\Frame.vcxproj", "{DFDC0BB1-14DE-4571-AD5E-7F5EBE840F7E}"
EndProject
Project("{8BC9CEB8-8B4A-11D0-8D11-00A0C91BC942}") = "Greet", "Greet\Greet.vcxproj", "{73261A68-7AF8-44FD-9938-C261A9BAFC4E}"
EndProject
Project("{8BC9CEB8-8B4A-11D0-8D11-00A0C91BC942}") = "q05", "q05\q05.vcxproj", "{E568C07C-6CC9-4EF9-822B-7D06C8ACE596}"
EndProject
Project("{8BC9CEB8-8B4A-11D0-8D11-00A0C91BC942}") = "frame01", "frame01\frame01.vcxproj", "{B6FD859B-E12A-4D79-8CAB-ABBF2E4F123F}"
EndProject
Project("{8BC9CEB8-8B4A-11D0-8D11-00A0C91BC942}") = "avg", "avg\avg.vcxproj", "{0FB06BC5-DFCC-4BD8-AD31-7A6200275520}"
EndProject
Project("{8BC9CEB8-8B4A-11D0-8D11-00A0C91BC942}") = "med", "med\med.vcxproj", "{FAB9B73C-0279-45AB-A6AF-47D8C8A9392B}"
EndProject
Project("{8BC9CEB8-8B4A-11D0-8D11-00A0C91BC942}") = "3q03", "3q03\3q03.vcxproj", "{60783A94-E6BE-4C18-99C4-013711BD512D}"
EndProject
Project("{8BC9CEB8-8B4A-11D0-8D11-00A0C91BC942}") = "3q04", "3q04\3q04.vcxproj", "{46847DED-9B9D-4FC9-9CB9-B4CC9D03BCE9}"
EndProject
Project("{8BC9CEB8-8B4A-11D0-8D11-00A0C91BC942}") = "chapter04", "chapter04\chapter04.vcxproj", "{E38B5DCE-5F4D-47AE-BC94-CDD0F9C3077B}"
EndProject
Project("{8BC9CEB8-8B4A-11D0-8D11-00A0C91BC942}") = "chapter05", "chapter05\chapter05.vcxproj", "{1CBE1889-FE19-497B-B2C3-659756721F71}"
EndProject
Project("{8BC9CEB8-8B4A-11D0-8D11-00A0C91BC942}") = "ch05q01", "ch05q01\ch05q01.vcxproj", "{7D1625BE-5FDB-4EC1-8222-222AC5CD42CE}"
EndProject
Project("{8BC9CEB8-8B4A-11D0-8D11-00A0C91BC942}") = "ch05q02", "ch05q02\ch05q02.vcxproj", "{F742AAE5-0FE2-4CFD-B228-4E924939E83F}"
EndProject
Project("{8BC9CEB8-8B4A-11D0-8D11-00A0C91BC942}") = "ch06", "ch06\ch06.vcxproj", "{DD7E2CF7-FE36-4886-8EEF-7E2BBA4A88F2}"
EndProject
Global
	GlobalSection(SolutionConfigurationPlatforms) = preSolution
		Debug|x64 = Debug|x64
		Debug|x86 = Debug|x86
		Release|x64 = Release|x64
		Release|x86 = Release|x86
	EndGlobalSection
	GlobalSection(ProjectConfigurationPlatforms) = postSolution
		{DFDC0BB1-14DE-4571-AD5E-7F5EBE840F7E}.Debug|x64.ActiveCfg = Debug|x64
		{DFDC0BB1-14DE-4571-AD5E-7F5EBE840F7E}.Debug|x64.Build.0 = Debug|x64
		{DFDC0BB1-14DE-4571-AD5E-7F5EBE840F7E}.Debug|x86.ActiveCfg = Debug|Win32
		{DFDC0BB1-14DE-4571-AD5E-7F5EBE840F7E}.Debug|x86.Build.0 = Debug|Win32
		{DFDC0BB1-14DE-4571-AD5E-7F5EBE840F7E}.Release|x64.ActiveCfg = Release|x64
		{DFDC0BB1-14DE-4571-AD5E-7F5EBE840F7E}.Release|x64.Build.0 = Release|x64
		{DFDC0BB1-14DE-4571-AD5E-7F5EBE840F7E}.Release|x86.ActiveCfg = Release|Win32
		{DFDC0BB1-14DE-4571-AD5E-7F5EBE840F7E}.Release|x86.Build.0 = Release|Win32
		{73261A68-7AF8-44FD-9938-C261A9BAFC4E}.Debug|x64.ActiveCfg = Debug|x64
		{73261A68-7AF8-44FD-9938-C261A9BAFC4E}.Debug|x64.Build.0 = Debug|x64
		{73261A68-7AF8-44FD-9938-C261A9BAFC4E}.Debug|x86.ActiveCfg = Debug|Win32
		{73261A68-7AF8-44FD-9938-C261A9BAFC4E}.Debug|x86.Build.0 = Debug|Win32
		{73261A68-7AF8-44FD-9938-C261A9BAFC4E}.Release|x64.ActiveCfg = Release|x64
		{73261A68-7AF8-44FD-9938-C261A9BAFC4E}.Release|x64.Build.0 = Release|x64
		{73261A68-7AF8-44FD-9938-C261A9BAFC4E}.Release|x86.ActiveCfg = Release|Win32
		{73261A68-7AF8-44FD-9938-C261A9BAFC4E}.Release|x86.Build.0 = Release|Win32
		{E568C07C-6CC9-4EF9-822B-7D06C8ACE596}.Debug|x64.ActiveCfg = Debug|x64
		{E568C07C-6CC9-4EF9-822B-7D06C8ACE596}.Debug|x64.Build.0 = Debug|x64
		{E568C07C-6CC9-4EF9-822B-7D06C8ACE596}.Debug|x86.ActiveCfg = Debug|Win32
		{E568C07C-6CC9-4EF9-822B-7D06C8ACE596}.Debug|x86.Build.0 = Debug|Win32
		{E568C07C-6CC9-4EF9-822B-7D06C8ACE596}.Release|x64.ActiveCfg = Release|x64
		{E568C07C-6CC9-4EF9-822B-7D06C8ACE596}.Release|x64.Build.0 = Release|x64
		{E568C07C-6CC9-4EF9-822B-7D06C8ACE596}.Release|x86.ActiveCfg = Release|Win32
		{E568C07C-6CC9-4EF9-822B-7D06C8ACE596}.Release|x86.Build.0 = Release|Win32
		{B6FD859B-E12A-4D79-8CAB-ABBF2E4F123F}.Debug|x64.ActiveCfg = Debug|x64
		{B6FD859B-E12A-4D79-8CAB-ABBF2E4F123F}.Debug|x64.Build.0 = Debug|x64
		{B6FD859B-E12A-4D79-8CAB-ABBF2E4F123F}.Debug|x86.ActiveCfg = Debug|Win32
		{B6FD859B-E12A-4D79-8CAB-ABBF2E4F123F}.Debug|x86.Build.0 = Debug|Win32
		{B6FD859B-E12A-4D79-8CAB-ABBF2E4F123F}.Release|x64.ActiveCfg = Release|x64
		{B6FD859B-E12A-4D79-8CAB-ABBF2E4F123F}.Release|x64.Build.0 = Release|x64
		{B6FD859B-E12A-4D79-8CAB-ABBF2E4F123F}.Release|x86.ActiveCfg = Release|Win32
		{B6FD859B-E12A-4D79-8CAB-ABBF2E4F123F}.Release|x86.Build.0 = Release|Win32
		{0FB06BC5-DFCC-4BD8-AD31-7A6200275520}.Debug|x64.ActiveCfg = Debug|x64
		{0FB06BC5-DFCC-4BD8-AD31-7A6200275520}.Debug|x64.Build.0 = Debug|x64
		{0FB06BC5-DFCC-4BD8-AD31-7A6200275520}.Debug|x86.ActiveCfg = Debug|Win32
		{0FB06BC5-DFCC-4BD8-AD31-7A6200275520}.Debug|x86.Build.0 = Debug|Win32
		{0FB06BC5-DFCC-4BD8-AD31-7A6200275520}.Release|x64.ActiveCfg = Release|x64
		{0FB06BC5-DFCC-4BD8-AD31-7A6200275520}.Release|x64.Build.0 = Release|x64
		{0FB06BC5-DFCC-4BD8-AD31-7A6200275520}.Release|x86.ActiveCfg = Release|Win32
		{0FB06BC5-DFCC-4BD8-AD31-7A6200275520}.Release|x86.Build.0 = Release|Win32
		{FAB9B73C-0279-45AB-A6AF-47D8C8A9392B}.Debug|x64.ActiveCfg = Debug|x64
		{FAB9B73C-0279-45AB-A6AF-47D8C8A9392B}.Debug|x64.Build.0 = Debug|x64
		{FAB9B73C-0279-45AB-A6AF-47D8C8A9392B}.Debug|x86.ActiveCfg = Debug|Win32
		{FAB9B73C-0279-45AB-A6AF-47D8C8A9392B}.Debug|x86.Build.0 = Debug|Win32
		{FAB9B73C-0279-45AB-A6AF-47D8C8A9392B}.Release|x64.ActiveCfg = Release|x64
		{FAB9B73C-0279-45AB-A6AF-47D8C8A9392B}.Release|x64.Build.0 = Release|x64
		{FAB9B73C-0279-45AB-A6AF-47D8C8A9392B}.Release|x86.ActiveCfg = Release|Win32
		{FAB9B73C-0279-45AB-A6AF-47D8C8A9392B}.Release|x86.Build.0 = Release|Win32
		{60783A94-E6BE-4C18-99C4-013711BD512D}.Debug|x64.ActiveCfg = Debug|x64
		{60783A94-E6BE-4C18-99C4-013711BD512D}.Debug|x64.Build.0 = Debug|x64
		{60783A94-E6BE-4C18-99C4-013711BD512D}.Debug|x86.ActiveCfg = Debug|Win32
		{60783A94-E6BE-4C18-99C4-013711BD512D}.Debug|x86.Build.0 = Debug|Win32
		{60783A94-E6BE-4C18-99C4-013711BD512D}.Release|x64.ActiveCfg = Release|x64
		{60783A94-E6BE-4C18-99C4-013711BD512D}.Release|x64.Build.0 = Release|x64
		{60783A94-E6BE-4C18-99C4-013711BD512D}.Release|x86.ActiveCfg = Release|Win32
		{60783A94-E6BE-4C18-99C4-013711BD512D}.Release|x86.Build.0 = Release|Win32
		{46847DED-9B9D-4FC9-9CB9-B4CC9D03BCE9}.Debug|x64.ActiveCfg = Debug|x64
		{46847DED-9B9D-4FC9-9CB9-B4CC9D03BCE9}.Debug|x64.Build.0 = Debug|x64
		{46847DED-9B9D-4FC9-9CB9-B4CC9D03BCE9}.Debug|x86.ActiveCfg = Debug|Win32
		{46847DED-9B9D-4FC9-9CB9-B4CC9D03BCE9}.Debug|x86.Build.0 = Debug|Win32
		{46847DED-9B9D-4FC9-9CB9-B4CC9D03BCE9}.Release|x64.ActiveCfg = Release|x64
		{46847DED-9B9D-4FC9-9CB9-B4CC9D03BCE9}.Release|x64.Build.0 = Release|x64
		{46847DED-9B9D-4FC9-9CB9-B4CC9D03BCE9}.Release|x86.ActiveCfg = Release|Win32
		{46847DED-9B9D-4FC9-9CB9-B4CC9D03BCE9}.Release|x86.Build.0 = Release|Win32
		{E38B5DCE-5F4D-47AE-BC94-CDD0F9C3077B}.Debug|x64.ActiveCfg = Debug|x64
		{E38B5DCE-5F4D-47AE-BC94-CDD0F9C3077B}.Debug|x64.Build.0 = Debug|x64
		{E38B5DCE-5F4D-47AE-BC94-CDD0F9C3077B}.Debug|x86.ActiveCfg = Debug|Win32
		{E38B5DCE-5F4D-47AE-BC94-CDD0F9C3077B}.Debug|x86.Build.0 = Debug|Win32
		{E38B5DCE-5F4D-47AE-BC94-CDD0F9C3077B}.Release|x64.ActiveCfg = Release|x64
		{E38B5DCE-5F4D-47AE-BC94-CDD0F9C3077B}.Release|x64.Build.0 = Release|x64
		{E38B5DCE-5F4D-47AE-BC94-CDD0F9C3077B}.Release|x86.ActiveCfg = Release|Win32
		{E38B5DCE-5F4D-47AE-BC94-CDD0F9C3077B}.Release|x86.Build.0 = Release|Win32
		{1CBE1889-FE19-497B-B2C3-659756721F71}.Debug|x64.ActiveCfg = Debug|x64
		{1CBE1889-FE19-497B-B2C3-659756721F71}.Debug|x64.Build.0 = Debug|x64
		{1CBE1889-FE19-497B-B2C3-659756721F71}.Debug|x86.ActiveCfg = Debug|Win32
		{1CBE1889-FE19-497B-B2C3-659756721F71}.Debug|x86.Build.0 = Debug|Win32
		{1CBE1889-FE19-497B-B2C3-659756721F71}.Release|x64.ActiveCfg = Release|x64
		{1CBE1889-FE19-497B-B2C3-659756721F71}.Release|x64.Build.0 = Release|x64
		{1CBE1889-FE19-497B-B2C3-659756721F71}.Release|x86.ActiveCfg = Release|Win32
		{1CBE1889-FE19-497B-B2C3-659756721F71}.Release|x86.Build.0 = Release|Win32
		{7D1625BE-5FDB-4EC1-8222-222AC5CD42CE}.Debug|x64.ActiveCfg = Debug|x64
		{7D1625BE-5FDB-4EC1-8222-222AC5CD42CE}.Debug|x64.Build.0 = Debug|x64
		{7D1625BE-5FDB-4EC1-8222-222AC5CD42CE}.Debug|x86.ActiveCfg = Debug|Win32
		{7D1625BE-5FDB-4EC1-8222-222AC5CD42CE}.Debug|x86.Build.0 = Debug|Win32
		{7D1625BE-5FDB-4EC1-8222-222AC5CD42CE}.Release|x64.ActiveCfg = Release|x64
		{7D1625BE-5FDB-4EC1-8222-222AC5CD42CE}.Release|x64.Build.0 = Release|x64
		{7D1625BE-5FDB-4EC1-8222-222AC5CD42CE}.Release|x86.ActiveCfg = Release|Win32
		{7D1625BE-5FDB-4EC1-8222-222AC5CD42CE}.Release|x86.Build.0 = Release|Win32
		{F742AAE5-0FE2-4CFD-B228-4E924939E83F}.Debug|x64.ActiveCfg = Debug|x64
		{F742AAE5-0FE2-4CFD-B228-4E924939E83F}.Debug|x64.Build.0 = Debug|x64
		{F742AAE5-0FE2-4CFD-B228-4E924939E83F}.Debug|x86.ActiveCfg = Debug|Win32
		{F742AAE5-0FE2-4CFD-B228-4E924939E83F}.Debug|x86.Build.0 = Debug|Win32
		{F742AAE5-0FE2-4CFD-B228-4E924939E83F}.Release|x64.ActiveCfg = Release|x64
		{F742AAE5-0FE2-4CFD-B228-4E924939E83F}.Release|x64.Build.0 = Release|x64
		{F742AAE5-0FE2-4CFD-B228-4E924939E83F}.Release|x86.ActiveCfg = Release|Win32
		{F742AAE5-0FE2-4CFD-B228-4E924939E83F}.Release|x86.Build.0 = Release|Win32
		{DD7E2CF7-FE36-4886-8EEF-7E2BBA4A88F2}.Debug|x64.ActiveCfg = Debug|x64
		{DD7E2CF7-FE36-4886-8EEF-7E2BBA4A88F2}.Debug|x64.Build.0 = Debug|x64
		{DD7E2CF7-FE36-4886-8EEF-7E2BBA4A88F2}.Debug|x86.ActiveCfg = Debug|Win32
		{DD7E2CF7-FE36-4886-8EEF-7E2BBA4A88F2}.Debug|x86.Build.0 = Debug|Win32
		{DD7E2CF7-FE36-4886-8EEF-7E2BBA4A88F2}.Release|x64.ActiveCfg = Release|x64
		{DD7E2CF7-FE36-4886-8EEF-7E2BBA4A88F2}.Release|x64.Build.0 = Release|x64
		{DD7E2CF7-FE36-4886-8EEF-7E2BBA4A88F2}.Release|x86.ActiveCfg = Release|Win32
		{DD7E2CF7-FE36-4886-8EEF-7E2BBA4A88F2}.Release|x86.Build.0 = Release|Win32
	EndGlobalSection
	GlobalSection(SolutionProperties) = preSolution
		HideSolutionNode = FALSE
	EndGlobalSection
	GlobalSection(NestedProjects) = preSolution
		{96C8A508-8E42-404D-89C6-1B763E30837D} = {503A287B-1323-445B-A9BA-8B5576543E36}
		{503A287B-1323-445B-A9BA-8B5576543E36} = {4AD65E1E-6EF7-4064-843F-82E42FDB3A93}
		{E075BED9-24E3-4EC2-8E51-F234461C442B} = {4AD65E1E-6EF7-4064-843F-82E42FDB3A93}
		{E0D2850C-2A19-4567-9E3A-B5DC00D5DA17} = {4AD65E1E-6EF7-4064-843F-82E42FDB3A93}
		{3DFA4A69-0DA5-4E10-9CEF-76234561A757} = {4AD65E1E-6EF7-4064-843F-82E42FDB3A93}
		{AC7DAF64-6641-4BBD-8669-1C408C9E0B68} = {4AD65E1E-6EF7-4064-843F-82E42FDB3A93}
		{5473E5F8-26B3-4576-8DF1-FC6C7E700CBD} = {4AD65E1E-6EF7-4064-843F-82E42FDB3A93}
		{439BC49E-3F15-48DA-8719-D0295651685C} = {4AD65E1E-6EF7-4064-843F-82E42FDB3A93}
		{52F98354-6864-45C7-9BD3-2CC3DB4FF80C} = {4AD65E1E-6EF7-4064-843F-82E42FDB3A93}
		{608CDF2A-BCA4-44D3-AE33-263A82BB5929} = {4AD65E1E-6EF7-4064-843F-82E42FDB3A93}
		{F8ED757E-783A-4E40-9014-75AED0E7C82F} = {BAB086EE-BC55-4DBE-BA52-E7046B7C5D30}
		{D6C3E5C1-CF27-4FB5-BEB3-16A18C39EFB5} = {BAB086EE-BC55-4DBE-BA52-E7046B7C5D30}
		{14BB3BC3-7325-4CF2-B00C-26E695A75C1A} = {BAB086EE-BC55-4DBE-BA52-E7046B7C5D30}
		{08726D18-970F-48FC-ADD6-C94DCB8A770A} = {BAB086EE-BC55-4DBE-BA52-E7046B7C5D30}
		{15027A5E-C200-4206-BB32-CD08051C4E0A} = {BAB086EE-BC55-4DBE-BA52-E7046B7C5D30}
		{568C882B-BEDC-4D5A-8891-0E9867CCD477} = {BAB086EE-BC55-4DBE-BA52-E7046B7C5D30}
		{457B3F75-0742-4A9D-AB76-927972B1E596} = {BAB086EE-BC55-4DBE-BA52-E7046B7C5D30}
		{9B666FC4-1720-4241-8B4C-CB9F15EE1BAB} = {BAB086EE-BC55-4DBE-BA52-E7046B7C5D30}
		{B1A0452E-7E77-4D29-8AA4-41D6D01604C1} = {BAB086EE-BC55-4DBE-BA52-E7046B7C5D30}
		{71DB775F-65AD-4F47-80F9-C63E222A6A91} = {BAB086EE-BC55-4DBE-BA52-E7046B7C5D30}
		{DFDC0BB1-14DE-4571-AD5E-7F5EBE840F7E} = {F8ED757E-783A-4E40-9014-75AED0E7C82F}
		{73261A68-7AF8-44FD-9938-C261A9BAFC4E} = {F8ED757E-783A-4E40-9014-75AED0E7C82F}
		{E568C07C-6CC9-4EF9-822B-7D06C8ACE596} = {96C8A508-8E42-404D-89C6-1B763E30837D}
		{B6FD859B-E12A-4D79-8CAB-ABBF2E4F123F} = {D6C3E5C1-CF27-4FB5-BEB3-16A18C39EFB5}
		{0FB06BC5-DFCC-4BD8-AD31-7A6200275520} = {14BB3BC3-7325-4CF2-B00C-26E695A75C1A}
		{FAB9B73C-0279-45AB-A6AF-47D8C8A9392B} = {14BB3BC3-7325-4CF2-B00C-26E695A75C1A}
		{60783A94-E6BE-4C18-99C4-013711BD512D} = {E075BED9-24E3-4EC2-8E51-F234461C442B}
		{46847DED-9B9D-4FC9-9CB9-B4CC9D03BCE9} = {E075BED9-24E3-4EC2-8E51-F234461C442B}
		{E38B5DCE-5F4D-47AE-BC94-CDD0F9C3077B} = {08726D18-970F-48FC-ADD6-C94DCB8A770A}
		{1CBE1889-FE19-497B-B2C3-659756721F71} = {15027A5E-C200-4206-BB32-CD08051C4E0A}
		{7D1625BE-5FDB-4EC1-8222-222AC5CD42CE} = {3DFA4A69-0DA5-4E10-9CEF-76234561A757}
		{F742AAE5-0FE2-4CFD-B228-4E924939E83F} = {3DFA4A69-0DA5-4E10-9CEF-76234561A757}
		{DD7E2CF7-FE36-4886-8EEF-7E2BBA4A88F2} = {568C882B-BEDC-4D5A-8891-0E9867CCD477}
	EndGlobalSection
	GlobalSection(ExtensibilityGlobals) = postSolution
		SolutionGuid = {82870C2F-C2A0-4877-8E48-3DC09A3DACF1}
	EndGlobalSection
EndGlobal
